// !$*UTF8*$!
{
	archiveVersion = 1;
	classes = {
	};
	objectVersion = 48;
	objects = {

/* Begin PBXBuildFile section */
		7104D42D1C746EEF0060E87D /* ModelViewCell.m in Sources */ = {isa = PBXBuildFile; fileRef = 7104D42C1C746EEF0060E87D /* ModelViewCell.m */; };
		7104D4301C746F350060E87D /* Model.m in Sources */ = {isa = PBXBuildFile; fileRef = 7104D42F1C746F350060E87D /* Model.m */; };
		7104D4331C7473930060E87D /* ModelPresenter.m in Sources */ = {isa = PBXBuildFile; fileRef = 7104D4321C7473930060E87D /* ModelPresenter.m */; };
		7132EFA41E31A5400070B459 /* RicoUIAlert.m in Sources */ = {isa = PBXBuildFile; fileRef = 7132EFA31E31A5400070B459 /* RicoUIAlert.m */; };
		7176B50A1C71C7EA00301AB5 /* main.m in Sources */ = {isa = PBXBuildFile; fileRef = 7176B5091C71C7EA00301AB5 /* main.m */; };
		7176B50D1C71C7EA00301AB5 /* AppDelegate.m in Sources */ = {isa = PBXBuildFile; fileRef = 7176B50C1C71C7EA00301AB5 /* AppDelegate.m */; };
		7176B5131C71C7EA00301AB5 /* Main.storyboard in Resources */ = {isa = PBXBuildFile; fileRef = 7176B5111C71C7EA00301AB5 /* Main.storyboard */; };
		7176B5151C71C7EA00301AB5 /* Assets.xcassets in Resources */ = {isa = PBXBuildFile; fileRef = 7176B5141C71C7EA00301AB5 /* Assets.xcassets */; };
		7176B5181C71C7EA00301AB5 /* LaunchScreen.storyboard in Resources */ = {isa = PBXBuildFile; fileRef = 7176B5161C71C7EA00301AB5 /* LaunchScreen.storyboard */; };
		7176B5211C71CBF400301AB5 /* CategoryViewController.m in Sources */ = {isa = PBXBuildFile; fileRef = 7176B5201C71CBF400301AB5 /* CategoryViewController.m */; };
		7176B5241C71D04200301AB5 /* CategoryViewCell.m in Sources */ = {isa = PBXBuildFile; fileRef = 7176B5231C71D04200301AB5 /* CategoryViewCell.m */; };
		7176B52E1C72C30800301AB5 /* Category.m in Sources */ = {isa = PBXBuildFile; fileRef = 7176B52D1C72C30800301AB5 /* Category.m */; };
		7176B53C1C730D6E00301AB5 /* CategoryPresenter.m in Sources */ = {isa = PBXBuildFile; fileRef = 7176B53B1C730D6E00301AB5 /* CategoryPresenter.m */; };
		71B957301C7425830070A9DF /* Url.plist in Resources */ = {isa = PBXBuildFile; fileRef = 71B9572F1C7425830070A9DF /* Url.plist */; };
		71B957331C743D2A0070A9DF /* AppUtil.m in Sources */ = {isa = PBXBuildFile; fileRef = 71B957321C743D2A0070A9DF /* AppUtil.m */; };
		71C3BEB11C76B29000A00C4D /* ImageCollectionViewCell.m in Sources */ = {isa = PBXBuildFile; fileRef = 71C3BEB01C76B29000A00C4D /* ImageCollectionViewCell.m */; };
		71C3BEB41C76B2B300A00C4D /* Image.m in Sources */ = {isa = PBXBuildFile; fileRef = 71C3BEB31C76B2B300A00C4D /* Image.m */; };
		71C3BEB71C76B2C900A00C4D /* ImageCollectionPresenter.m in Sources */ = {isa = PBXBuildFile; fileRef = 71C3BEB61C76B2C900A00C4D /* ImageCollectionPresenter.m */; };
		71C3BEBA1C76E84800A00C4D /* ImageScrollPageViewController.m in Sources */ = {isa = PBXBuildFile; fileRef = 71C3BEB91C76E84800A00C4D /* ImageScrollPageViewController.m */; };
		71C3BEBD1C770BF500A00C4D /* ImageScrollPageViewCell.m in Sources */ = {isa = PBXBuildFile; fileRef = 71C3BEBC1C770BF500A00C4D /* ImageScrollPageViewCell.m */; };
		71C3BEC11C7719D200A00C4D /* ImageScrollPagePresenter.m in Sources */ = {isa = PBXBuildFile; fileRef = 71C3BEC01C7719D200A00C4D /* ImageScrollPagePresenter.m */; };
		71ED862E1C7EE3C100026AD7 /* Podfile in Resources */ = {isa = PBXBuildFile; fileRef = 71ED862D1C7EE3C100026AD7 /* Podfile */; };
		7F3C8D761F2CB13E009722F9 /* ModelViewController.m in Sources */ = {isa = PBXBuildFile; fileRef = 7F3C8D751F2CB13E009722F9 /* ModelViewController.m */; };
		7F3C8D7C1F2CB51B009722F9 /* ImageCollectionViewController.m in Sources */ = {isa = PBXBuildFile; fileRef = 7F3C8D7B1F2CB51B009722F9 /* ImageCollectionViewController.m */; };
		EA48DC85C8B990FB0C67C14F /* libPods.a in Frameworks */ = {isa = PBXBuildFile; fileRef = 7C6533C6958FB548B3BA1CBC /* libPods.a */; };
/* End PBXBuildFile section */

/* Begin PBXFileReference section */
		7104D42B1C746EEF0060E87D /* ModelViewCell.h */ = {isa = PBXFileReference; fileEncoding = 4; lastKnownFileType = sourcecode.c.h; path = ModelViewCell.h; sourceTree = "<group>"; };
		7104D42C1C746EEF0060E87D /* ModelViewCell.m */ = {isa = PBXFileReference; fileEncoding = 4; lastKnownFileType = sourcecode.c.objc; path = ModelViewCell.m; sourceTree = "<group>"; };
		7104D42E1C746F350060E87D /* Model.h */ = {isa = PBXFileReference; fileEncoding = 4; lastKnownFileType = sourcecode.c.h; path = Model.h; sourceTree = "<group>"; };
		7104D42F1C746F350060E87D /* Model.m */ = {isa = PBXFileReference; fileEncoding = 4; lastKnownFileType = sourcecode.c.objc; path = Model.m; sourceTree = "<group>"; };
		7104D4311C7473930060E87D /* ModelPresenter.h */ = {isa = PBXFileReference; fileEncoding = 4; lastKnownFileType = sourcecode.c.h; lineEnding = 0; path = ModelPresenter.h; sourceTree = "<group>"; xcLanguageSpecificationIdentifier = xcode.lang.objcpp; };
		7104D4321C7473930060E87D /* ModelPresenter.m */ = {isa = PBXFileReference; fileEncoding = 4; lastKnownFileType = sourcecode.c.objc; lineEnding = 0; path = ModelPresenter.m; sourceTree = "<group>"; xcLanguageSpecificationIdentifier = xcode.lang.objc; };
		7132EFA21E31A5400070B459 /* RicoUIAlert.h */ = {isa = PBXFileReference; fileEncoding = 4; lastKnownFileType = sourcecode.c.h; lineEnding = 0; path = RicoUIAlert.h; sourceTree = "<group>"; xcLanguageSpecificationIdentifier = xcode.lang.objcpp; };
		7132EFA31E31A5400070B459 /* RicoUIAlert.m */ = {isa = PBXFileReference; fileEncoding = 4; lastKnownFileType = sourcecode.c.objc; lineEnding = 0; path = RicoUIAlert.m; sourceTree = "<group>"; xcLanguageSpecificationIdentifier = xcode.lang.objc; };
		7176B5051C71C7EA00301AB5 /* Paper Diy.app */ = {isa = PBXFileReference; explicitFileType = wrapper.application; includeInIndex = 0; path = "Paper Diy.app"; sourceTree = BUILT_PRODUCTS_DIR; };
		7176B5091C71C7EA00301AB5 /* main.m */ = {isa = PBXFileReference; lastKnownFileType = sourcecode.c.objc; path = main.m; sourceTree = "<group>"; };
		7176B50B1C71C7EA00301AB5 /* AppDelegate.h */ = {isa = PBXFileReference; lastKnownFileType = sourcecode.c.h; path = AppDelegate.h; sourceTree = "<group>"; };
		7176B50C1C71C7EA00301AB5 /* AppDelegate.m */ = {isa = PBXFileReference; lastKnownFileType = sourcecode.c.objc; path = AppDelegate.m; sourceTree = "<group>"; };
		7176B5121C71C7EA00301AB5 /* Base */ = {isa = PBXFileReference; lastKnownFileType = file.storyboard; name = Base; path = Base.lproj/Main.storyboard; sourceTree = "<group>"; };
		7176B5141C71C7EA00301AB5 /* Assets.xcassets */ = {isa = PBXFileReference; lastKnownFileType = folder.assetcatalog; path = Assets.xcassets; sourceTree = "<group>"; };
		7176B5171C71C7EA00301AB5 /* Base */ = {isa = PBXFileReference; lastKnownFileType = file.storyboard; name = Base; path = Base.lproj/LaunchScreen.storyboard; sourceTree = "<group>"; };
		7176B5191C71C7EA00301AB5 /* Info.plist */ = {isa = PBXFileReference; lastKnownFileType = text.plist.xml; path = Info.plist; sourceTree = "<group>"; };
		7176B51F1C71CBF400301AB5 /* CategoryViewController.h */ = {isa = PBXFileReference; fileEncoding = 4; lastKnownFileType = sourcecode.c.h; path = CategoryViewController.h; sourceTree = "<group>"; };
		7176B5201C71CBF400301AB5 /* CategoryViewController.m */ = {isa = PBXFileReference; fileEncoding = 4; lastKnownFileType = sourcecode.c.objc; path = CategoryViewController.m; sourceTree = "<group>"; };
		7176B5221C71D04200301AB5 /* CategoryViewCell.h */ = {isa = PBXFileReference; fileEncoding = 4; lastKnownFileType = sourcecode.c.h; path = CategoryViewCell.h; sourceTree = "<group>"; };
		7176B5231C71D04200301AB5 /* CategoryViewCell.m */ = {isa = PBXFileReference; fileEncoding = 4; lastKnownFileType = sourcecode.c.objc; path = CategoryViewCell.m; sourceTree = "<group>"; };
		7176B52C1C72C30800301AB5 /* Category.h */ = {isa = PBXFileReference; fileEncoding = 4; lastKnownFileType = sourcecode.c.h; path = Category.h; sourceTree = "<group>"; };
		7176B52D1C72C30800301AB5 /* Category.m */ = {isa = PBXFileReference; fileEncoding = 4; lastKnownFileType = sourcecode.c.objc; path = Category.m; sourceTree = "<group>"; };
		7176B53A1C730D6E00301AB5 /* CategoryPresenter.h */ = {isa = PBXFileReference; fileEncoding = 4; lastKnownFileType = sourcecode.c.h; lineEnding = 0; path = CategoryPresenter.h; sourceTree = "<group>"; xcLanguageSpecificationIdentifier = xcode.lang.objcpp; };
		7176B53B1C730D6E00301AB5 /* CategoryPresenter.m */ = {isa = PBXFileReference; fileEncoding = 4; lastKnownFileType = sourcecode.c.objc; lineEnding = 0; path = CategoryPresenter.m; sourceTree = "<group>"; xcLanguageSpecificationIdentifier = xcode.lang.objc; };
		71B9572F1C7425830070A9DF /* Url.plist */ = {isa = PBXFileReference; fileEncoding = 4; lastKnownFileType = text.plist.xml; path = Url.plist; sourceTree = "<group>"; };
		71B957311C743D2A0070A9DF /* AppUtil.h */ = {isa = PBXFileReference; fileEncoding = 4; lastKnownFileType = sourcecode.c.h; path = AppUtil.h; sourceTree = "<group>"; };
		71B957321C743D2A0070A9DF /* AppUtil.m */ = {isa = PBXFileReference; fileEncoding = 4; lastKnownFileType = sourcecode.c.objc; path = AppUtil.m; sourceTree = "<group>"; };
		71C3BEAF1C76B29000A00C4D /* ImageCollectionViewCell.h */ = {isa = PBXFileReference; fileEncoding = 4; lastKnownFileType = sourcecode.c.h; path = ImageCollectionViewCell.h; sourceTree = "<group>"; };
		71C3BEB01C76B29000A00C4D /* ImageCollectionViewCell.m */ = {isa = PBXFileReference; fileEncoding = 4; lastKnownFileType = sourcecode.c.objc; path = ImageCollectionViewCell.m; sourceTree = "<group>"; };
		71C3BEB21C76B2B300A00C4D /* Image.h */ = {isa = PBXFileReference; fileEncoding = 4; lastKnownFileType = sourcecode.c.h; path = Image.h; sourceTree = "<group>"; };
		71C3BEB31C76B2B300A00C4D /* Image.m */ = {isa = PBXFileReference; fileEncoding = 4; lastKnownFileType = sourcecode.c.objc; path = Image.m; sourceTree = "<group>"; };
		71C3BEB51C76B2C900A00C4D /* ImageCollectionPresenter.h */ = {isa = PBXFileReference; fileEncoding = 4; lastKnownFileType = sourcecode.c.h; lineEnding = 0; path = ImageCollectionPresenter.h; sourceTree = "<group>"; xcLanguageSpecificationIdentifier = xcode.lang.objcpp; };
		71C3BEB61C76B2C900A00C4D /* ImageCollectionPresenter.m */ = {isa = PBXFileReference; fileEncoding = 4; lastKnownFileType = sourcecode.c.objc; lineEnding = 0; path = ImageCollectionPresenter.m; sourceTree = "<group>"; xcLanguageSpecificationIdentifier = xcode.lang.objc; };
		71C3BEB81C76E84800A00C4D /* ImageScrollPageViewController.h */ = {isa = PBXFileReference; fileEncoding = 4; lastKnownFileType = sourcecode.c.h; path = ImageScrollPageViewController.h; sourceTree = "<group>"; };
		71C3BEB91C76E84800A00C4D /* ImageScrollPageViewController.m */ = {isa = PBXFileReference; fileEncoding = 4; lastKnownFileType = sourcecode.c.objc; path = ImageScrollPageViewController.m; sourceTree = "<group>"; };
		71C3BEBB1C770BF500A00C4D /* ImageScrollPageViewCell.h */ = {isa = PBXFileReference; fileEncoding = 4; lastKnownFileType = sourcecode.c.h; path = ImageScrollPageViewCell.h; sourceTree = "<group>"; };
		71C3BEBC1C770BF500A00C4D /* ImageScrollPageViewCell.m */ = {isa = PBXFileReference; fileEncoding = 4; lastKnownFileType = sourcecode.c.objc; path = ImageScrollPageViewCell.m; sourceTree = "<group>"; };
		71C3BEBF1C7719D200A00C4D /* ImageScrollPagePresenter.h */ = {isa = PBXFileReference; fileEncoding = 4; lastKnownFileType = sourcecode.c.h; lineEnding = 0; path = ImageScrollPagePresenter.h; sourceTree = "<group>"; xcLanguageSpecificationIdentifier = xcode.lang.objcpp; };
		71C3BEC01C7719D200A00C4D /* ImageScrollPagePresenter.m */ = {isa = PBXFileReference; fileEncoding = 4; lastKnownFileType = sourcecode.c.objc; lineEnding = 0; path = ImageScrollPagePresenter.m; sourceTree = "<group>"; xcLanguageSpecificationIdentifier = xcode.lang.objc; };
		71ED862D1C7EE3C100026AD7 /* Podfile */ = {isa = PBXFileReference; fileEncoding = 4; lastKnownFileType = text; path = Podfile; sourceTree = "<group>"; xcLanguageSpecificationIdentifier = xcode.lang.ruby; };
		71ED862F1C7EF54200026AD7 /* libAFNetworking.a */ = {isa = PBXFileReference; lastKnownFileType = archive.ar; name = libAFNetworking.a; path = "Pods/../build/Debug-iphoneos/libAFNetworking.a"; sourceTree = "<group>"; };
		7C6533C6958FB548B3BA1CBC /* libPods.a */ = {isa = PBXFileReference; explicitFileType = archive.ar; includeInIndex = 0; path = libPods.a; sourceTree = BUILT_PRODUCTS_DIR; };
		7F3C8D741F2CB13E009722F9 /* ModelViewController.h */ = {isa = PBXFileReference; fileEncoding = 4; lastKnownFileType = sourcecode.c.h; path = ModelViewController.h; sourceTree = "<group>"; };
		7F3C8D751F2CB13E009722F9 /* ModelViewController.m */ = {isa = PBXFileReference; fileEncoding = 4; lastKnownFileType = sourcecode.c.objc; path = ModelViewController.m; sourceTree = "<group>"; };
		7F3C8D7A1F2CB51B009722F9 /* ImageCollectionViewController.h */ = {isa = PBXFileReference; fileEncoding = 4; lastKnownFileType = sourcecode.c.h; path = ImageCollectionViewController.h; sourceTree = "<group>"; };
		7F3C8D7B1F2CB51B009722F9 /* ImageCollectionViewController.m */ = {isa = PBXFileReference; fileEncoding = 4; lastKnownFileType = sourcecode.c.objc; path = ImageCollectionViewController.m; sourceTree = "<group>"; };
		E21956915F897690528308FA /* Pods.release.xcconfig */ = {isa = PBXFileReference; includeInIndex = 1; lastKnownFileType = text.xcconfig; name = Pods.release.xcconfig; path = "Pods/Target Support Files/Pods/Pods.release.xcconfig"; sourceTree = "<group>"; };
		FE28069D90846DE8D592BE5B /* Pods.debug.xcconfig */ = {isa = PBXFileReference; includeInIndex = 1; lastKnownFileType = text.xcconfig; name = Pods.debug.xcconfig; path = "Pods/Target Support Files/Pods/Pods.debug.xcconfig"; sourceTree = "<group>"; };
/* End PBXFileReference section */

/* Begin PBXFrameworksBuildPhase section */
		7176B5021C71C7EA00301AB5 /* Frameworks */ = {
			isa = PBXFrameworksBuildPhase;
			buildActionMask = 2147483647;
			files = (
				EA48DC85C8B990FB0C67C14F /* libPods.a in Frameworks */,
			);
			runOnlyForDeploymentPostprocessing = 0;
		};
/* End PBXFrameworksBuildPhase section */

/* Begin PBXGroup section */
		11BCF7F6B0D643DA4ED57AE6 /* Frameworks */ = {
			isa = PBXGroup;
			children = (
				71ED862F1C7EF54200026AD7 /* libAFNetworking.a */,
				7C6533C6958FB548B3BA1CBC /* libPods.a */,
			);
			name = Frameworks;
			sourceTree = "<group>";
		};
		7132EF9E1E319FB50070B459 /* UIComponent */ = {
			isa = PBXGroup;
			children = (
				7132EFA21E31A5400070B459 /* RicoUIAlert.h */,
				7132EFA31E31A5400070B459 /* RicoUIAlert.m */,
			);
			name = UIComponent;
			sourceTree = "<group>";
		};
		7176B4FC1C71C7EA00301AB5 = {
			isa = PBXGroup;
			children = (
				71ED862D1C7EE3C100026AD7 /* Podfile */,
				7176B5071C71C7EA00301AB5 /* paperdiy_oc */,
				7176B5061C71C7EA00301AB5 /* Products */,
				D526E03F9609B39C18E31093 /* Pods */,
				11BCF7F6B0D643DA4ED57AE6 /* Frameworks */,
			);
			sourceTree = "<group>";
		};
		7176B5061C71C7EA00301AB5 /* Products */ = {
			isa = PBXGroup;
			children = (
				7176B5051C71C7EA00301AB5 /* Paper Diy.app */,
			);
			name = Products;
			sourceTree = "<group>";
		};
		7176B5071C71C7EA00301AB5 /* paperdiy_oc */ = {
			isa = PBXGroup;
			children = (
				7132EF9E1E319FB50070B459 /* UIComponent */,
				71B957341C7441FB0070A9DF /* Util */,
				7176B5261C72BDE400301AB5 /* CategoryView */,
				7176B5271C72BDEE00301AB5 /* ModelView */,
				7176B5281C72BDFB00301AB5 /* ImageView */,
				7176B50B1C71C7EA00301AB5 /* AppDelegate.h */,
				7176B50C1C71C7EA00301AB5 /* AppDelegate.m */,
				7176B5111C71C7EA00301AB5 /* Main.storyboard */,
				7176B5141C71C7EA00301AB5 /* Assets.xcassets */,
				7176B5161C71C7EA00301AB5 /* LaunchScreen.storyboard */,
				7176B5191C71C7EA00301AB5 /* Info.plist */,
				71B9572F1C7425830070A9DF /* Url.plist */,
				7176B5081C71C7EA00301AB5 /* Supporting Files */,
			);
			path = paperdiy_oc;
			sourceTree = "<group>";
		};
		7176B5081C71C7EA00301AB5 /* Supporting Files */ = {
			isa = PBXGroup;
			children = (
				7176B5091C71C7EA00301AB5 /* main.m */,
			);
			name = "Supporting Files";
			sourceTree = "<group>";
		};
		7176B5261C72BDE400301AB5 /* CategoryView */ = {
			isa = PBXGroup;
			children = (
				7176B5291C72C27700301AB5 /* M */,
				7176B52A1C72C28100301AB5 /* V */,
				7176B5361C73029B00301AB5 /* P */,
			);
			name = CategoryView;
			sourceTree = "<group>";
		};
		7176B5271C72BDEE00301AB5 /* ModelView */ = {
			isa = PBXGroup;
			children = (
				71B957371C7445530070A9DF /* M */,
				71B957361C74454F0070A9DF /* V */,
				71B957351C7445460070A9DF /* P */,
			);
			name = ModelView;
			sourceTree = "<group>";
		};
		7176B5281C72BDFB00301AB5 /* ImageView */ = {
			isa = PBXGroup;
			children = (
				71C3BEA71C76B16900A00C4D /* M */,
				71C3BEA61C76B16400A00C4D /* V */,
				71C3BEA51C76B15C00A00C4D /* P */,
			);
			name = ImageView;
			sourceTree = "<group>";
		};
		7176B5291C72C27700301AB5 /* M */ = {
			isa = PBXGroup;
			children = (
				7176B52C1C72C30800301AB5 /* Category.h */,
				7176B52D1C72C30800301AB5 /* Category.m */,
			);
			name = M;
			sourceTree = "<group>";
		};
		7176B52A1C72C28100301AB5 /* V */ = {
			isa = PBXGroup;
			children = (
				7176B51F1C71CBF400301AB5 /* CategoryViewController.h */,
				7176B5201C71CBF400301AB5 /* CategoryViewController.m */,
				7176B5221C71D04200301AB5 /* CategoryViewCell.h */,
				7176B5231C71D04200301AB5 /* CategoryViewCell.m */,
			);
			name = V;
			sourceTree = "<group>";
		};
		7176B5361C73029B00301AB5 /* P */ = {
			isa = PBXGroup;
			children = (
				7176B53A1C730D6E00301AB5 /* CategoryPresenter.h */,
				7176B53B1C730D6E00301AB5 /* CategoryPresenter.m */,
			);
			name = P;
			sourceTree = "<group>";
		};
		71B957341C7441FB0070A9DF /* Util */ = {
			isa = PBXGroup;
			children = (
				71B957311C743D2A0070A9DF /* AppUtil.h */,
				71B957321C743D2A0070A9DF /* AppUtil.m */,
			);
			name = Util;
			sourceTree = "<group>";
		};
		71B957351C7445460070A9DF /* P */ = {
			isa = PBXGroup;
			children = (
				7104D4311C7473930060E87D /* ModelPresenter.h */,
				7104D4321C7473930060E87D /* ModelPresenter.m */,
			);
			name = P;
			sourceTree = "<group>";
		};
		71B957361C74454F0070A9DF /* V */ = {
			isa = PBXGroup;
			children = (
				7104D42B1C746EEF0060E87D /* ModelViewCell.h */,
				7104D42C1C746EEF0060E87D /* ModelViewCell.m */,
				7F3C8D741F2CB13E009722F9 /* ModelViewController.h */,
				7F3C8D751F2CB13E009722F9 /* ModelViewController.m */,
			);
			name = V;
			sourceTree = "<group>";
		};
		71B957371C7445530070A9DF /* M */ = {
			isa = PBXGroup;
			children = (
				7104D42E1C746F350060E87D /* Model.h */,
				7104D42F1C746F350060E87D /* Model.m */,
			);
			name = M;
			sourceTree = "<group>";
		};
		71C3BEA51C76B15C00A00C4D /* P */ = {
			isa = PBXGroup;
			children = (
				71C3BEB51C76B2C900A00C4D /* ImageCollectionPresenter.h */,
				71C3BEB61C76B2C900A00C4D /* ImageCollectionPresenter.m */,
				71C3BEBF1C7719D200A00C4D /* ImageScrollPagePresenter.h */,
				71C3BEC01C7719D200A00C4D /* ImageScrollPagePresenter.m */,
			);
			name = P;
			sourceTree = "<group>";
		};
		71C3BEA61C76B16400A00C4D /* V */ = {
			isa = PBXGroup;
			children = (
				71C3BEBE1C770DB400A00C4D /* ImageCollectionView */,
				71C3BEA81C76B1DD00A00C4D /* ImageScrollPageView */,
			);
			name = V;
			sourceTree = "<group>";
		};
		71C3BEA71C76B16900A00C4D /* M */ = {
			isa = PBXGroup;
			children = (
				71C3BEB21C76B2B300A00C4D /* Image.h */,
				71C3BEB31C76B2B300A00C4D /* Image.m */,
			);
			name = M;
			sourceTree = "<group>";
		};
		71C3BEA81C76B1DD00A00C4D /* ImageScrollPageView */ = {
			isa = PBXGroup;
			children = (
				71C3BEB81C76E84800A00C4D /* ImageScrollPageViewController.h */,
				71C3BEB91C76E84800A00C4D /* ImageScrollPageViewController.m */,
				71C3BEBB1C770BF500A00C4D /* ImageScrollPageViewCell.h */,
				71C3BEBC1C770BF500A00C4D /* ImageScrollPageViewCell.m */,
			);
			name = ImageScrollPageView;
			sourceTree = "<group>";
		};
		71C3BEBE1C770DB400A00C4D /* ImageCollectionView */ = {
			isa = PBXGroup;
			children = (
				71C3BEAF1C76B29000A00C4D /* ImageCollectionViewCell.h */,
				71C3BEB01C76B29000A00C4D /* ImageCollectionViewCell.m */,
				7F3C8D7A1F2CB51B009722F9 /* ImageCollectionViewController.h */,
				7F3C8D7B1F2CB51B009722F9 /* ImageCollectionViewController.m */,
			);
			name = ImageCollectionView;
			sourceTree = "<group>";
		};
		D526E03F9609B39C18E31093 /* Pods */ = {
			isa = PBXGroup;
			children = (
				FE28069D90846DE8D592BE5B /* Pods.debug.xcconfig */,
				E21956915F897690528308FA /* Pods.release.xcconfig */,
			);
			name = Pods;
			sourceTree = "<group>";
		};
/* End PBXGroup section */

/* Begin PBXNativeTarget section */
		7176B5041C71C7EA00301AB5 /* Paper Diy */ = {
			isa = PBXNativeTarget;
			buildConfigurationList = 7176B51C1C71C7EA00301AB5 /* Build configuration list for PBXNativeTarget "Paper Diy" */;
			buildPhases = (
				E7E28D8DC2A9AA1AFFA5D3C3 /* Check Pods Manifest.lock */,
				7176B5011C71C7EA00301AB5 /* Sources */,
				7176B5021C71C7EA00301AB5 /* Frameworks */,
				7176B5031C71C7EA00301AB5 /* Resources */,
				04A917D5A61011CFA84E9C22 /* Embed Pods Frameworks */,
				05747624C394D8900E177046 /* Copy Pods Resources */,
			);
			buildRules = (
			);
			dependencies = (
			);
			name = "Paper Diy";
			productName = paperdiy_oc;
			productReference = 7176B5051C71C7EA00301AB5 /* Paper Diy.app */;
			productType = "com.apple.product-type.application";
		};
/* End PBXNativeTarget section */

/* Begin PBXProject section */
		7176B4FD1C71C7EA00301AB5 /* Project object */ = {
			isa = PBXProject;
			attributes = {
				LastUpgradeCheck = 0720;
				ORGANIZATIONNAME = ricofung;
				TargetAttributes = {
					7176B5041C71C7EA00301AB5 = {
						CreatedOnToolsVersion = 7.2;
						DevelopmentTeam = WWN3ZC5QF3;
						ProvisioningStyle = Automatic;
					};
				};
			};
			buildConfigurationList = 7176B5001C71C7EA00301AB5 /* Build configuration list for PBXProject "paperdiy_oc" */;
			compatibilityVersion = "Xcode 8.0";
			developmentRegion = English;
			hasScannedForEncodings = 0;
			knownRegions = (
				en,
				Base,
			);
			mainGroup = 7176B4FC1C71C7EA00301AB5;
			productRefGroup = 7176B5061C71C7EA00301AB5 /* Products */;
			projectDirPath = "";
			projectRoot = "";
			targets = (
				7176B5041C71C7EA00301AB5 /* Paper Diy */,
			);
		};
/* End PBXProject section */

/* Begin PBXResourcesBuildPhase section */
		7176B5031C71C7EA00301AB5 /* Resources */ = {
			isa = PBXResourcesBuildPhase;
			buildActionMask = 2147483647;
			files = (
				71ED862E1C7EE3C100026AD7 /* Podfile in Resources */,
				7176B5181C71C7EA00301AB5 /* LaunchScreen.storyboard in Resources */,
				7176B5151C71C7EA00301AB5 /* Assets.xcassets in Resources */,
				71B957301C7425830070A9DF /* Url.plist in Resources */,
				7176B5131C71C7EA00301AB5 /* Main.storyboard in Resources */,
			);
			runOnlyForDeploymentPostprocessing = 0;
		};
/* End PBXResourcesBuildPhase section */

/* Begin PBXShellScriptBuildPhase section */
		04A917D5A61011CFA84E9C22 /* Embed Pods Frameworks */ = {
			isa = PBXShellScriptBuildPhase;
			buildActionMask = 2147483647;
			files = (
			);
			inputPaths = (
			);
			name = "Embed Pods Frameworks";
			outputPaths = (
			);
			runOnlyForDeploymentPostprocessing = 0;
			shellPath = /bin/sh;
			shellScript = "\"${SRCROOT}/Pods/Target Support Files/Pods/Pods-frameworks.sh\"\n";
			showEnvVarsInLog = 0;
		};
		05747624C394D8900E177046 /* Copy Pods Resources */ = {
			isa = PBXShellScriptBuildPhase;
			buildActionMask = 2147483647;
			files = (
			);
			inputPaths = (
			);
			name = "Copy Pods Resources";
			outputPaths = (
			);
			runOnlyForDeploymentPostprocessing = 0;
			shellPath = /bin/sh;
			shellScript = "\"${SRCROOT}/Pods/Target Support Files/Pods/Pods-resources.sh\"\n";
			showEnvVarsInLog = 0;
		};
		E7E28D8DC2A9AA1AFFA5D3C3 /* Check Pods Manifest.lock */ = {
			isa = PBXShellScriptBuildPhase;
			buildActionMask = 2147483647;
			files = (
			);
			inputPaths = (
			);
			name = "Check Pods Manifest.lock";
			outputPaths = (
			);
			runOnlyForDeploymentPostprocessing = 0;
			shellPath = /bin/sh;
			shellScript = "diff \"${PODS_ROOT}/../Podfile.lock\" \"${PODS_ROOT}/Manifest.lock\" > /dev/null\nif [[ $? != 0 ]] ; then\n    cat << EOM\nerror: The sandbox is not in sync with the Podfile.lock. Run 'pod install' or update your CocoaPods installation.\nEOM\n    exit 1\nfi\n";
			showEnvVarsInLog = 0;
		};
/* End PBXShellScriptBuildPhase section */

/* Begin PBXSourcesBuildPhase section */
		7176B5011C71C7EA00301AB5 /* Sources */ = {
			isa = PBXSourcesBuildPhase;
			buildActionMask = 2147483647;
			files = (
				7104D4301C746F350060E87D /* Model.m in Sources */,
				7176B52E1C72C30800301AB5 /* Category.m in Sources */,
				7176B5241C71D04200301AB5 /* CategoryViewCell.m in Sources */,
				71C3BEBA1C76E84800A00C4D /* ImageScrollPageViewController.m in Sources */,
				71B957331C743D2A0070A9DF /* AppUtil.m in Sources */,
				7176B50D1C71C7EA00301AB5 /* AppDelegate.m in Sources */,
				7176B5211C71CBF400301AB5 /* CategoryViewController.m in Sources */,
				7F3C8D7C1F2CB51B009722F9 /* ImageCollectionViewController.m in Sources */,
				7104D4331C7473930060E87D /* ModelPresenter.m in Sources */,
				71C3BEBD1C770BF500A00C4D /* ImageScrollPageViewCell.m in Sources */,
				71C3BEB41C76B2B300A00C4D /* Image.m in Sources */,
				71C3BEC11C7719D200A00C4D /* ImageScrollPagePresenter.m in Sources */,
				7104D42D1C746EEF0060E87D /* ModelViewCell.m in Sources */,
				7176B50A1C71C7EA00301AB5 /* main.m in Sources */,
				71C3BEB11C76B29000A00C4D /* ImageCollectionViewCell.m in Sources */,
				7176B53C1C730D6E00301AB5 /* CategoryPresenter.m in Sources */,
				7F3C8D761F2CB13E009722F9 /* ModelViewController.m in Sources */,
				71C3BEB71C76B2C900A00C4D /* ImageCollectionPresenter.m in Sources */,
				7132EFA41E31A5400070B459 /* RicoUIAlert.m in Sources */,
			);
			runOnlyForDeploymentPostprocessing = 0;
		};
/* End PBXSourcesBuildPhase section */

/* Begin PBXVariantGroup section */
		7176B5111C71C7EA00301AB5 /* Main.storyboard */ = {
			isa = PBXVariantGroup;
			children = (
				7176B5121C71C7EA00301AB5 /* Base */,
			);
			name = Main.storyboard;
			sourceTree = "<group>";
		};
		7176B5161C71C7EA00301AB5 /* LaunchScreen.storyboard */ = {
			isa = PBXVariantGroup;
			children = (
				7176B5171C71C7EA00301AB5 /* Base */,
			);
			name = LaunchScreen.storyboard;
			sourceTree = "<group>";
		};
/* End PBXVariantGroup section */

/* Begin XCBuildConfiguration section */
		7176B51A1C71C7EA00301AB5 /* Debug */ = {
			isa = XCBuildConfiguration;
			buildSettings = {
				ALWAYS_SEARCH_USER_PATHS = NO;
				CLANG_CXX_LANGUAGE_STANDARD = "gnu++0x";
				CLANG_CXX_LIBRARY = "libc++";
				CLANG_ENABLE_MODULES = YES;
				CLANG_ENABLE_OBJC_ARC = YES;
				CLANG_WARN_BOOL_CONVERSION = YES;
				CLANG_WARN_CONSTANT_CONVERSION = YES;
				CLANG_WARN_DIRECT_OBJC_ISA_USAGE = YES_ERROR;
				CLANG_WARN_EMPTY_BODY = YES;
				CLANG_WARN_ENUM_CONVERSION = YES;
				CLANG_WARN_INT_CONVERSION = YES;
				CLANG_WARN_OBJC_ROOT_CLASS = YES_ERROR;
				CLANG_WARN_UNREACHABLE_CODE = YES;
				CLANG_WARN__DUPLICATE_METHOD_MATCH = YES;
				"CODE_SIGN_IDENTITY[sdk=iphoneos*]" = "iPhone Developer";
				COPY_PHASE_STRIP = NO;
				DEBUG_INFORMATION_FORMAT = dwarf;
				ENABLE_STRICT_OBJC_MSGSEND = YES;
				ENABLE_TESTABILITY = YES;
				GCC_C_LANGUAGE_STANDARD = gnu99;
				GCC_DYNAMIC_NO_PIC = NO;
				GCC_NO_COMMON_BLOCKS = YES;
				GCC_OPTIMIZATION_LEVEL = 0;
				GCC_PREPROCESSOR_DEFINITIONS = (
					"DEBUG=1",
					"$(inherited)",
				);
				GCC_WARN_64_TO_32_BIT_CONVERSION = YES;
				GCC_WARN_ABOUT_RETURN_TYPE = YES_ERROR;
				GCC_WARN_UNDECLARED_SELECTOR = YES;
				GCC_WARN_UNINITIALIZED_AUTOS = YES_AGGRESSIVE;
				GCC_WARN_UNUSED_FUNCTION = YES;
				GCC_WARN_UNUSED_VARIABLE = YES;
				IPHONEOS_DEPLOYMENT_TARGET = 10.3;
				MTL_ENABLE_DEBUG_INFO = YES;
				ONLY_ACTIVE_ARCH = YES;
				SDKROOT = iphoneos;
				TARGETED_DEVICE_FAMILY = "1,2";
			};
			name = Debug;
		};
		7176B51B1C71C7EA00301AB5 /* Release */ = {
			isa = XCBuildConfiguration;
			buildSettings = {
				ALWAYS_SEARCH_USER_PATHS = NO;
				CLANG_CXX_LANGUAGE_STANDARD = "gnu++0x";
				CLANG_CXX_LIBRARY = "libc++";
				CLANG_ENABLE_MODULES = YES;
				CLANG_ENABLE_OBJC_ARC = YES;
				CLANG_WARN_BOOL_CONVERSION = YES;
				CLANG_WARN_CONSTANT_CONVERSION = YES;
				CLANG_WARN_DIRECT_OBJC_ISA_USAGE = YES_ERROR;
				CLANG_WARN_EMPTY_BODY = YES;
				CLANG_WARN_ENUM_CONVERSION = YES;
				CLANG_WARN_INT_CONVERSION = YES;
				CLANG_WARN_OBJC_ROOT_CLASS = YES_ERROR;
				CLANG_WARN_UNREACHABLE_CODE = YES;
				CLANG_WARN__DUPLICATE_METHOD_MATCH = YES;
				"CODE_SIGN_IDENTITY[sdk=iphoneos*]" = "iPhone Developer";
				COPY_PHASE_STRIP = NO;
				DEBUG_INFORMATION_FORMAT = "dwarf-with-dsym";
				ENABLE_NS_ASSERTIONS = NO;
				ENABLE_STRICT_OBJC_MSGSEND = YES;
				GCC_C_LANGUAGE_STANDARD = gnu99;
				GCC_NO_COMMON_BLOCKS = YES;
				GCC_WARN_64_TO_32_BIT_CONVERSION = YES;
				GCC_WARN_ABOUT_RETURN_TYPE = YES_ERROR;
				GCC_WARN_UNDECLARED_SELECTOR = YES;
				GCC_WARN_UNINITIALIZED_AUTOS = YES_AGGRESSIVE;
				GCC_WARN_UNUSED_FUNCTION = YES;
				GCC_WARN_UNUSED_VARIABLE = YES;
				IPHONEOS_DEPLOYMENT_TARGET = 10.3;
				MTL_ENABLE_DEBUG_INFO = NO;
				SDKROOT = iphoneos;
				TARGETED_DEVICE_FAMILY = "1,2";
				VALIDATE_PRODUCT = YES;
			};
			name = Release;
		};
		7176B51D1C71C7EA00301AB5 /* Debug */ = {
			isa = XCBuildConfiguration;
			baseConfigurationReference = FE28069D90846DE8D592BE5B /* Pods.debug.xcconfig */;
			buildSettings = {
				ASSETCATALOG_COMPILER_APPICON_NAME = AppIcon;
				CODE_SIGN_IDENTITY = "iPhone Developer";
				"CODE_SIGN_IDENTITY[sdk=iphoneos*]" = "iPhone Developer";
				DEVELOPMENT_TEAM = WWN3ZC5QF3;
				INFOPLIST_FILE = paperdiy_oc/Info.plist;
				IPHONEOS_DEPLOYMENT_TARGET = 10.0;
				LD_RUNPATH_SEARCH_PATHS = "$(inherited) @executable_path/Frameworks";
				LIBRARY_SEARCH_PATHS = (
					"$(inherited)",
					"$(PROJECT_DIR)/build/Debug-iphoneos",
				);
				PRODUCT_BUNDLE_IDENTIFIER = rico.origami;
				PRODUCT_NAME = "$(TARGET_NAME)";
				PROVISIONING_PROFILE = "";
				PROVISIONING_PROFILE_SPECIFIER = "";
				TARGETED_DEVICE_FAMILY = 1;
			};
			name = Debug;
		};
		7176B51E1C71C7EA00301AB5 /* Release */ = {
			isa = XCBuildConfiguration;
			baseConfigurationReference = E21956915F897690528308FA /* Pods.release.xcconfig */;
			buildSettings = {
				ASSETCATALOG_COMPILER_APPICON_NAME = AppIcon;
				CODE_SIGN_IDENTITY = "iPhone Developer";
				"CODE_SIGN_IDENTITY[sdk=iphoneos*]" = "iPhone Developer";
				DEVELOPMENT_TEAM = WWN3ZC5QF3;
				INFOPLIST_FILE = paperdiy_oc/Info.plist;
				IPHONEOS_DEPLOYMENT_TARGET = 10.0;
				LD_RUNPATH_SEARCH_PATHS = "$(inherited) @executable_path/Frameworks";
				LIBRARY_SEARCH_PATHS = (
					"$(inherited)",
					"$(PROJECT_DIR)/build/Debug-iphoneos",
				);
				PRODUCT_BUNDLE_IDENTIFIER = rico.origami;
				PRODUCT_NAME = "$(TARGET_NAME)";
				PROVISIONING_PROFILE = "";
				PROVISIONING_PROFILE_SPECIFIER = "";
				TARGETED_DEVICE_FAMILY = 1;
			};
			name = Release;
		};
/* End XCBuildConfiguration section */

/* Begin XCConfigurationList section */
		7176B5001C71C7EA00301AB5 /* Build configuration list for PBXProject "paperdiy_oc" */ = {
			isa = XCConfigurationList;
			buildConfigurations = (
				7176B51A1C71C7EA00301AB5 /* Debug */,
				7176B51B1C71C7EA00301AB5 /* Release */,
			);
			defaultConfigurationIsVisible = 0;
			defaultConfigurationName = Release;
		};
		7176B51C1C71C7EA00301AB5 /* Build configuration list for PBXNativeTarget "Paper Diy" */ = {
			isa = XCConfigurationList;
			buildConfigurations = (
				7176B51D1C71C7EA00301AB5 /* Debug */,
				7176B51E1C71C7EA00301AB5 /* Release */,
			);
			defaultConfigurationIsVisible = 0;
			defaultConfigurationName = Release;
		};
/* End XCConfigurationList section */
	};
	rootObject = 7176B4FD1C71C7EA00301AB5 /* Project object */;
}
